
Microsoft Visual Studio Solution File, Format Version 12.00
# Visual Studio Version 16
VisualStudioVersion = 16.0.30621.155
MinimumVisualStudioVersion = 10.0.40219.1
Project("{8BC9CEB8-8B4A-11D0-8D11-00A0C91BC942}") = "Project 12.3-1", "Project 12.3-1.vcxproj", "{365B4760-BCB2-4B3A-B91D-B274D1FF0403}"
EndProject
Global
	GlobalSection(SolutionConfigurationPlatforms) = preSolution
		Debug|x64 = Debug|x64
		Debug|x86 = Debug|x86
		Release|x64 = Release|x64
		Release|x86 = Release|x86
	EndGlobalSection
	GlobalSection(ProjectConfigurationPlatforms) = postSolution
		{365B4760-BCB2-4B3A-B91D-B274D1FF0403}.Debug|x64.ActiveCfg = Debug|x64
		{365B4760-BCB2-4B3A-B91D-B274D1FF0403}.Debug|x64.Build.0 = Debug|x64
		{365B4760-BCB2-4B3A-B91D-B274D1FF0403}.Debug|x86.ActiveCfg = Debug|Win32
		{365B4760-BCB2-4B3A-B91D-B274D1FF0403}.Debug|x86.Build.0 = Debug|Win32
		{365B4760-BCB2-4B3A-B91D-B274D1FF0403}.Release|x64.ActiveCfg = Release|x64
		{365B4760-BCB2-4B3A-B91D-B274D1FF0403}.Release|x64.Build.0 = Release|x64
		{365B4760-BCB2-4B3A-B91D-B274D1FF0403}.Release|x86.ActiveCfg = Release|Win32
		{365B4760-BCB2-4B3A-B91D-B274D1FF0403}.Release|x86.Build.0 = Release|Win32
	EndGlobalSection
	GlobalSection(SolutionProperties) = preSolution
		HideSolutionNode = FALSE
	EndGlobalSection
	GlobalSection(ExtensibilityGlobals) = postSolution
		SolutionGuid = {59C4D1C9-FA26-45C9-B89B-2EC9624CF0B2}
	EndGlobalSection
EndGlobal
